{
  "version": 4,
  "terraform_version": "1.6.6",
  "serial": 4,
  "lineage": "c151d4d9-9bdd-016a-e64b-a115fa876108",
  "outputs": {},
  "resources": [
    {
      "mode": "managed",
      "type": "aws_kms_key",
      "name": "abel-key",
      "provider": "provider[\"registry.terraform.io/hashicorp/aws\"]",
      "instances": [
        {
          "schema_version": 0,
          "attributes": {
            "arn": "arn:aws:kms:us-east-1:959124804199:key/e36efa3d-400b-48ee-81c4-9bba8f00e617",
            "bypass_policy_lockout_safety_check": false,
            "custom_key_store_id": "",
            "customer_master_key_spec": "SYMMETRIC_DEFAULT",
            "deletion_window_in_days": 7,
            "description": "KMS key for test purposes",
            "enable_key_rotation": true,
            "id": "e36efa3d-400b-48ee-81c4-9bba8f00e617",
            "is_enabled": true,
            "key_id": "e36efa3d-400b-48ee-81c4-9bba8f00e617",
            "key_usage": "ENCRYPT_DECRYPT",
            "multi_region": false,
            "policy": "{\"Id\":\"key-default-1\",\"Statement\":[{\"Action\":\"kms:*\",\"Effect\":\"Allow\",\"Principal\":{\"AWS\":\"arn:aws:iam::959124804199:root\"},\"Resource\":\"*\",\"Sid\":\"Enable IAM User Permissions\"}],\"Version\":\"2012-10-17\"}",
            "tags": null,
            "tags_all": {},
            "timeouts": null
          },
          "sensitive_attributes": [],
          "private": "eyJlMmJmYjczMC1lY2FhLTExZTYtOGY4OC0zNDM2M2JjN2M0YzAiOnsiY3JlYXRlIjoxMjAwMDAwMDAwMDB9fQ=="
        }
      ]
    },
    {
      "mode": "managed",
      "type": "aws_secretsmanager_secret",
      "name": "demo_cred",
      "provider": "provider[\"registry.terraform.io/hashicorp/aws\"]",
      "instances": [
        {
          "schema_version": 0,
          "attributes": {
            "arn": "arn:aws:secretsmanager:us-east-1:959124804199:secret:demo_purposes-bCN2WX",
            "description": "",
            "force_overwrite_replica_secret": false,
            "id": "arn:aws:secretsmanager:us-east-1:959124804199:secret:demo_purposes-bCN2WX",
            "kms_key_id": "e36efa3d-400b-48ee-81c4-9bba8f00e617",
            "name": "demo_purposes",
            "name_prefix": "",
            "policy": "",
            "recovery_window_in_days": 30,
            "replica": [],
            "tags": null,
            "tags_all": {}
          },
          "sensitive_attributes": [],
          "private": "bnVsbA==",
          "dependencies": [
            "aws_kms_key.abel-key"
          ]
        }
      ]
    },
    {
      "mode": "managed",
      "type": "aws_secretsmanager_secret_version",
      "name": "demo_version",
      "provider": "provider[\"registry.terraform.io/hashicorp/aws\"]",
      "instances": [
        {
          "schema_version": 0,
          "attributes": {
            "arn": "arn:aws:secretsmanager:us-east-1:959124804199:secret:demo_purposes-bCN2WX",
            "id": "arn:aws:secretsmanager:us-east-1:959124804199:secret:demo_purposes-bCN2WX|17C0774F-6585-472D-9FBB-238A46E127CF",
            "secret_binary": "",
            "secret_id": "arn:aws:secretsmanager:us-east-1:959124804199:secret:demo_purposes-bCN2WX",
            "secret_string": "{\"password\":\"simon\",\"username\":\"abel\"}",
            "version_id": "17C0774F-6585-472D-9FBB-238A46E127CF",
            "version_stages": [
              "AWSCURRENT"
            ]
          },
          "sensitive_attributes": [],
          "private": "bnVsbA==",
          "dependencies": [
            "aws_kms_key.abel-key",
            "aws_secretsmanager_secret.demo_cred"
          ]
        }
      ]
    }
  ],
  "check_results": null
}
